
Microsoft Visual Studio Solution File, Format Version 12.00
# Visual Studio Version 17
VisualStudioVersion = 17.3.32819.101
MinimumVisualStudioVersion = 10.0.40219.1
Project("{FAE04EC0-301F-11D3-BF4B-00C04F79EFBC}") = "Clase05", "Clase05.csproj", "{92AA4C62-7B1E-427C-B178-30804BF9474E}"
EndProject
Global
	GlobalSection(SolutionConfigurationPlatforms) = preSolution
		Debug|Any CPU = Debug|Any CPU
		Release|Any CPU = Release|Any CPU
	EndGlobalSection
	GlobalSection(ProjectConfigurationPlatforms) = postSolution
		{92AA4C62-7B1E-427C-B178-30804BF9474E}.Debug|Any CPU.ActiveCfg = Debug|Any CPU
		{92AA4C62-7B1E-427C-B178-30804BF9474E}.Debug|Any CPU.Build.0 = Debug|Any CPU
		{92AA4C62-7B1E-427C-B178-30804BF9474E}.Release|Any CPU.ActiveCfg = Release|Any CPU
		{92AA4C62-7B1E-427C-B178-30804BF9474E}.Release|Any CPU.Build.0 = Release|Any CPU
	EndGlobalSection
	GlobalSection(SolutionProperties) = preSolution
		HideSolutionNode = FALSE
	EndGlobalSection
	GlobalSection(ExtensibilityGlobals) = postSolution
		SolutionGuid = {1EF47473-564E-4F96-8BBF-175F353F6E51}
	EndGlobalSection
EndGlobal
