
Microsoft Visual Studio Solution File, Format Version 12.00
# Visual Studio Version 17
VisualStudioVersion = 17.3.32825.248
MinimumVisualStudioVersion = 10.0.40219.1
Project("{FAE04EC0-301F-11D3-BF4B-00C04F79EFBC}") = "Clase09_ej01", "Clase09_ej01.csproj", "{46D1CA74-98DB-4606-A6DE-ABE5E04947B8}"
EndProject
Global
	GlobalSection(SolutionConfigurationPlatforms) = preSolution
		Debug|Any CPU = Debug|Any CPU
		Release|Any CPU = Release|Any CPU
	EndGlobalSection
	GlobalSection(ProjectConfigurationPlatforms) = postSolution
		{46D1CA74-98DB-4606-A6DE-ABE5E04947B8}.Debug|Any CPU.ActiveCfg = Debug|Any CPU
		{46D1CA74-98DB-4606-A6DE-ABE5E04947B8}.Debug|Any CPU.Build.0 = Debug|Any CPU
		{46D1CA74-98DB-4606-A6DE-ABE5E04947B8}.Release|Any CPU.ActiveCfg = Release|Any CPU
		{46D1CA74-98DB-4606-A6DE-ABE5E04947B8}.Release|Any CPU.Build.0 = Release|Any CPU
	EndGlobalSection
	GlobalSection(SolutionProperties) = preSolution
		HideSolutionNode = FALSE
	EndGlobalSection
	GlobalSection(ExtensibilityGlobals) = postSolution
		SolutionGuid = {8D664B75-C5FC-465F-B5CB-2498502AB5C2}
	EndGlobalSection
EndGlobal
